<?xml version="1.0" encoding="utf-8"?>
<Project ToolsVersion="4.0" xmlns="http://schemas.microsoft.com/developer/msbuild/2003">
  <ItemGroup>
    <Filter Include="Исходные файлы">
      <UniqueIdentifier>{4FC737F1-C7A5-4376-A066-2A32D752A2FF}</UniqueIdentifier>
      <Extensions>cpp;c;cc;cxx;c++;cppm;ixx;def;odl;idl;hpj;bat;asm;asmx</Extensions>
    </Filter>
    <Filter Include="Файлы заголовков">
      <UniqueIdentifier>{93995380-89BD-4b04-88EB-625FBE52EBFB}</UniqueIdentifier>
      <Extensions>h;hh;hpp;hxx;h++;hm;inl;inc;ipp;xsd</Extensions>
    </Filter>
    <Filter Include="Файлы ресурсов">
      <UniqueIdentifier>{67DA6AB6-F800-4c08-8B7A-83BB121AAD01}</UniqueIdentifier>
      <Extensions>rc;ico;cur;bmp;dlg;rc2;rct;bin;rgs;gif;jpg;jpeg;jpe;resx;tiff;tif;png;wav;mfcribbon-ms</Extensions>
    </Filter>
    <Filter Include="Файлы заголовков\Geometry">
      <UniqueIdentifier>{5cf228b4-a24e-4e9c-86ed-a7d4fb7b78dd}</UniqueIdentifier>
    </Filter>
    <Filter Include="Исходные файлы\Geometry">
      <UniqueIdentifier>{e10f232e-39ff-426a-8db1-2b8c294cb182}</UniqueIdentifier>
    </Filter>
    <Filter Include="Исходные файлы\CUDA">
      <UniqueIdentifier>{4a4b0893-1c5e-407a-89ea-55e6734dbe16}</UniqueIdentifier>
    </Filter>
    <Filter Include="Файлы заголовков\Scenes">
      <UniqueIdentifier>{dc161899-999c-4c6b-9d86-701606568e6b}</UniqueIdentifier>
    </Filter>
    <Filter Include="Файлы заголовков\CUDA">
      <UniqueIdentifier>{32981e40-4b49-4e6d-b1d2-ec33464bace6}</UniqueIdentifier>
    </Filter>
    <Filter Include="Исходные файлы\Scenes">
      <UniqueIdentifier>{4cf7ab7e-2b40-4fa3-b69f-25a4a8c86517}</UniqueIdentifier>
    </Filter>
    <Filter Include="Shaders">
      <UniqueIdentifier>{2d4fb2fe-c990-4d74-a76c-2d25028d7775}</UniqueIdentifier>
    </Filter>
  </ItemGroup>
  <ItemGroup>
    <ClCompile Include="Source.cpp">
      <Filter>Исходные файлы</Filter>
    </ClCompile>
    <ClCompile Include="Window.cpp">
      <Filter>Исходные файлы</Filter>
    </ClCompile>
    <ClCompile Include="EFException.cpp">
      <Filter>Исходные файлы</Filter>
    </ClCompile>
    <ClCompile Include="Keyboard.cpp">
      <Filter>Исходные файлы</Filter>
    </ClCompile>
    <ClCompile Include="Texture.cpp">
      <Filter>Исходные файлы</Filter>
    </ClCompile>
    <ClCompile Include="CpuGraphics.cpp">
      <Filter>Исходные файлы</Filter>
    </ClCompile>
    <ClCompile Include="DirectXGraphics.cpp">
      <Filter>Исходные файлы</Filter>
    </ClCompile>
    <ClCompile Include="SphereArrayScene_Device.h">
      <Filter>Файлы заголовков\Scenes</Filter>
    </ClCompile>
  </ItemGroup>
  <ItemGroup>
    <ClInclude Include="EFWin.h">
      <Filter>Файлы заголовков</Filter>
    </ClInclude>
    <ClInclude Include="Window.h">
      <Filter>Файлы заголовков</Filter>
    </ClInclude>
    <ClInclude Include="EFException.h">
      <Filter>Файлы заголовков</Filter>
    </ClInclude>
    <ClInclude Include="Vec2f.h">
      <Filter>Файлы заголовков</Filter>
    </ClInclude>
    <ClInclude Include="CpuGraphics.h">
      <Filter>Файлы заголовков</Filter>
    </ClInclude>
    <ClInclude Include="Vec3.h">
      <Filter>Файлы заголовков</Filter>
    </ClInclude>
    <ClInclude Include="Keyboard.h">
      <Filter>Файлы заголовков</Filter>
    </ClInclude>
    <ClInclude Include="MathHelper.h">
      <Filter>Файлы заголовков</Filter>
    </ClInclude>
    <ClInclude Include="Matrix3.h">
      <Filter>Файлы заголовков</Filter>
    </ClInclude>
    <ClInclude Include="Camera.h">
      <Filter>Файлы заголовков</Filter>
    </ClInclude>
    <ClInclude Include="Color.h">
      <Filter>Файлы заголовков</Filter>
    </ClInclude>
    <ClInclude Include="Texture.h">
      <Filter>Файлы заголовков</Filter>
    </ClInclude>
    <ClInclude Include="Cube.h">
      <Filter>Файлы заголовков\Geometry</Filter>
    </ClInclude>
    <ClInclude Include="CubesArrayScene.h">
      <Filter>Файлы заголовков\Scenes</Filter>
    </ClInclude>
    <ClInclude Include="CubesArrayScene_CUDA.h">
      <Filter>Файлы заголовков\Scenes</Filter>
    </ClInclude>
    <ClInclude Include="ZBuffer.h">
      <Filter>Файлы заголовков</Filter>
    </ClInclude>
    <ClInclude Include="GpuGraphics.h">
      <Filter>Файлы заголовков\CUDA</Filter>
    </ClInclude>
    <ClInclude Include="RayMarchingGraphics.h">
      <Filter>Файлы заголовков</Filter>
    </ClInclude>
    <ClInclude Include="CudaHelper.h">
      <Filter>Файлы заголовков\CUDA</Filter>
    </ClInclude>
    <ClInclude Include="DirectXGraphics.h">
      <Filter>Файлы заголовков</Filter>
    </ClInclude>
    <ClInclude Include="DXCameraTestScene.h">
      <Filter>Файлы заголовков\Scenes</Filter>
    </ClInclude>
    <ClInclude Include="DXCamera.h">
      <Filter>Файлы заголовков</Filter>
    </ClInclude>
  </ItemGroup>
  <ItemGroup>
    <CudaCompile Include="GpuGraphics.cu">
      <Filter>Исходные файлы\CUDA</Filter>
    </CudaCompile>
    <CudaCompile Include="Cube.cu">
      <Filter>Исходные файлы\Geometry</Filter>
    </CudaCompile>
    <CudaCompile Include="Camera.cu">
      <Filter>Исходные файлы</Filter>
    </CudaCompile>
    <CudaCompile Include="CubesArrayScene_CUDA.cu">
      <Filter>Исходные файлы\Scenes</Filter>
    </CudaCompile>
    <CudaCompile Include="CpuGraphicsExtensions.cu">
      <Filter>Исходные файлы\CUDA</Filter>
    </CudaCompile>
    <CudaCompile Include="RayMarchingGraphics.cu">
      <Filter>Исходные файлы\CUDA</Filter>
    </CudaCompile>
  </ItemGroup>
  <ItemGroup>
    <FxCompile Include="VertexShader.hlsl">
      <Filter>Shaders</Filter>
    </FxCompile>
    <FxCompile Include="PixelShader.hlsl">
      <Filter>Shaders</Filter>
    </FxCompile>
  </ItemGroup>
</Project>